
Microsoft Visual Studio Solution File, Format Version 11.00
# Visual Studio 2010
Project("{8BC9CEB8-8B4A-11D0-8D11-00A0C91BC942}") = "Thickness", "Thickness\Thickness.vcxproj", "{B5278047-EB6C-4E40-946E-8938EF00F395}"
EndProject
Project("{8BC9CEB8-8B4A-11D0-8D11-00A0C91BC942}") = "TestLog", "Test\Test.vcxproj", "{875D0EF0-00C4-49B5-A547-0841BC53FEF5}"
EndProject
Project("{8BC9CEB8-8B4A-11D0-8D11-00A0C91BC942}") = "TestThread", "TestThread\TestThread.vcxproj", "{E38EEC17-DBAA-4EC9-A635-B849F76BD685}"
EndProject
Project("{2150E333-8FDC-42A3-9474-1A3956D46DE8}") = "Test", "Test", "{D0E94B24-7E42-4D39-BF5B-184155537DDC}"
EndProject
Project("{8BC9CEB8-8B4A-11D0-8D11-00A0C91BC942}") = "Messages", "Messages\Messages.vcxproj", "{1905CD7B-4775-4D79-ADC9-A24266EB457F}"
EndProject
Project("{8BC9CEB8-8B4A-11D0-8D11-00A0C91BC942}") = "debug_panel_new", "debug_panel_new\debug_panel_new.vcxproj", "{2BE3A027-9834-461B-8268-D69DA3747AC9}"
EndProject
Project("{8BC9CEB8-8B4A-11D0-8D11-00A0C91BC942}") = "emul", "emul\emul.vcxproj", "{B35DC81F-16D2-4AFB-B776-627D92AD697E}"
EndProject
Project("{8BC9CEB8-8B4A-11D0-8D11-00A0C91BC942}") = "Defectoscope", "Defectoscope\Defectoscope.vcxproj", "{AA43E982-79CE-49F2-B386-E425483A85FF}"
EndProject
Project("{8BC9CEB8-8B4A-11D0-8D11-00A0C91BC942}") = "testConsole", "testConsole\testConsole.vcxproj", "{558761BF-ACCA-462C-A662-F3671669F219}"
EndProject
Project("{8BC9CEB8-8B4A-11D0-8D11-00A0C91BC942}") = "TEST_1730", "TEST_1730\TEST_1730.vcxproj", "{53AEB31A-627B-45F2-8644-6AC450242CE4}"
EndProject
Project("{8BC9CEB8-8B4A-11D0-8D11-00A0C91BC942}") = "TestClientTCP", "tests\TestClientTCP\TestClientTCP.vcxproj", "{423AA288-2006-4C99-B44C-AAEF890FA5A7}"
EndProject
Project("{8BC9CEB8-8B4A-11D0-8D11-00A0C91BC942}") = "TestFrameLan", "tests\TestFrameLan\TestFrameLan.vcxproj", "{AC38F6B0-BF69-4E45-88D1-80043F97E775}"
EndProject
Global
	GlobalSection(SolutionConfigurationPlatforms) = preSolution
		Debug|Win32 = Debug|Win32
		Release|Win32 = Release|Win32
	EndGlobalSection
	GlobalSection(ProjectConfigurationPlatforms) = postSolution
		{B5278047-EB6C-4E40-946E-8938EF00F395}.Debug|Win32.ActiveCfg = Debug|Win32
		{B5278047-EB6C-4E40-946E-8938EF00F395}.Debug|Win32.Build.0 = Debug|Win32
		{B5278047-EB6C-4E40-946E-8938EF00F395}.Release|Win32.ActiveCfg = Release|Win32
		{B5278047-EB6C-4E40-946E-8938EF00F395}.Release|Win32.Build.0 = Release|Win32
		{875D0EF0-00C4-49B5-A547-0841BC53FEF5}.Debug|Win32.ActiveCfg = Debug|Win32
		{875D0EF0-00C4-49B5-A547-0841BC53FEF5}.Debug|Win32.Build.0 = Debug|Win32
		{875D0EF0-00C4-49B5-A547-0841BC53FEF5}.Release|Win32.ActiveCfg = Release|Win32
		{875D0EF0-00C4-49B5-A547-0841BC53FEF5}.Release|Win32.Build.0 = Release|Win32
		{E38EEC17-DBAA-4EC9-A635-B849F76BD685}.Debug|Win32.ActiveCfg = Debug|Win32
		{E38EEC17-DBAA-4EC9-A635-B849F76BD685}.Debug|Win32.Build.0 = Debug|Win32
		{E38EEC17-DBAA-4EC9-A635-B849F76BD685}.Release|Win32.ActiveCfg = Release|Win32
		{E38EEC17-DBAA-4EC9-A635-B849F76BD685}.Release|Win32.Build.0 = Release|Win32
		{1905CD7B-4775-4D79-ADC9-A24266EB457F}.Debug|Win32.ActiveCfg = Debug|Win32
		{1905CD7B-4775-4D79-ADC9-A24266EB457F}.Debug|Win32.Build.0 = Debug|Win32
		{1905CD7B-4775-4D79-ADC9-A24266EB457F}.Release|Win32.ActiveCfg = Release|Win32
		{1905CD7B-4775-4D79-ADC9-A24266EB457F}.Release|Win32.Build.0 = Release|Win32
		{2BE3A027-9834-461B-8268-D69DA3747AC9}.Debug|Win32.ActiveCfg = Debug|Win32
		{2BE3A027-9834-461B-8268-D69DA3747AC9}.Debug|Win32.Build.0 = Debug|Win32
		{2BE3A027-9834-461B-8268-D69DA3747AC9}.Release|Win32.ActiveCfg = Release|Win32
		{2BE3A027-9834-461B-8268-D69DA3747AC9}.Release|Win32.Build.0 = Release|Win32
		{B35DC81F-16D2-4AFB-B776-627D92AD697E}.Debug|Win32.ActiveCfg = Debug|Win32
		{B35DC81F-16D2-4AFB-B776-627D92AD697E}.Debug|Win32.Build.0 = Debug|Win32
		{B35DC81F-16D2-4AFB-B776-627D92AD697E}.Release|Win32.ActiveCfg = Release|Win32
		{B35DC81F-16D2-4AFB-B776-627D92AD697E}.Release|Win32.Build.0 = Release|Win32
		{AA43E982-79CE-49F2-B386-E425483A85FF}.Debug|Win32.ActiveCfg = Debug|Win32
		{AA43E982-79CE-49F2-B386-E425483A85FF}.Debug|Win32.Build.0 = Debug|Win32
		{AA43E982-79CE-49F2-B386-E425483A85FF}.Release|Win32.ActiveCfg = Release|Win32
		{AA43E982-79CE-49F2-B386-E425483A85FF}.Release|Win32.Build.0 = Release|Win32
		{558761BF-ACCA-462C-A662-F3671669F219}.Debug|Win32.ActiveCfg = Debug|Win32
		{558761BF-ACCA-462C-A662-F3671669F219}.Debug|Win32.Build.0 = Debug|Win32
		{558761BF-ACCA-462C-A662-F3671669F219}.Release|Win32.ActiveCfg = Release|Win32
		{558761BF-ACCA-462C-A662-F3671669F219}.Release|Win32.Build.0 = Release|Win32
		{53AEB31A-627B-45F2-8644-6AC450242CE4}.Debug|Win32.ActiveCfg = Debug|Win32
		{53AEB31A-627B-45F2-8644-6AC450242CE4}.Debug|Win32.Build.0 = Debug|Win32
		{53AEB31A-627B-45F2-8644-6AC450242CE4}.Release|Win32.ActiveCfg = Release|Win32
		{53AEB31A-627B-45F2-8644-6AC450242CE4}.Release|Win32.Build.0 = Release|Win32
		{423AA288-2006-4C99-B44C-AAEF890FA5A7}.Debug|Win32.ActiveCfg = Debug|Win32
		{423AA288-2006-4C99-B44C-AAEF890FA5A7}.Debug|Win32.Build.0 = Debug|Win32
		{423AA288-2006-4C99-B44C-AAEF890FA5A7}.Release|Win32.ActiveCfg = Release|Win32
		{423AA288-2006-4C99-B44C-AAEF890FA5A7}.Release|Win32.Build.0 = Release|Win32
		{AC38F6B0-BF69-4E45-88D1-80043F97E775}.Debug|Win32.ActiveCfg = Debug|Win32
		{AC38F6B0-BF69-4E45-88D1-80043F97E775}.Debug|Win32.Build.0 = Debug|Win32
		{AC38F6B0-BF69-4E45-88D1-80043F97E775}.Release|Win32.ActiveCfg = Release|Win32
		{AC38F6B0-BF69-4E45-88D1-80043F97E775}.Release|Win32.Build.0 = Release|Win32
	EndGlobalSection
	GlobalSection(SolutionProperties) = preSolution
		HideSolutionNode = FALSE
	EndGlobalSection
	GlobalSection(NestedProjects) = preSolution
		{E38EEC17-DBAA-4EC9-A635-B849F76BD685} = {D0E94B24-7E42-4D39-BF5B-184155537DDC}
		{875D0EF0-00C4-49B5-A547-0841BC53FEF5} = {D0E94B24-7E42-4D39-BF5B-184155537DDC}
		{B35DC81F-16D2-4AFB-B776-627D92AD697E} = {D0E94B24-7E42-4D39-BF5B-184155537DDC}
		{558761BF-ACCA-462C-A662-F3671669F219} = {D0E94B24-7E42-4D39-BF5B-184155537DDC}
		{53AEB31A-627B-45F2-8644-6AC450242CE4} = {D0E94B24-7E42-4D39-BF5B-184155537DDC}
		{423AA288-2006-4C99-B44C-AAEF890FA5A7} = {D0E94B24-7E42-4D39-BF5B-184155537DDC}
		{AC38F6B0-BF69-4E45-88D1-80043F97E775} = {D0E94B24-7E42-4D39-BF5B-184155537DDC}
	EndGlobalSection
EndGlobal
