<?xml version="1.0" encoding="utf-8"?>
<Project ToolsVersion="4.0" xmlns="http://schemas.microsoft.com/developer/msbuild/2003">
  <ItemGroup>
    <Filter Include="Source Files">
      <UniqueIdentifier>{4FC737F1-C7A5-4376-A066-2A32D752A2FF}</UniqueIdentifier>
      <Extensions>cpp;c;cc;cxx;def;odl;idl;hpj;bat;asm;asmx</Extensions>
    </Filter>
    <Filter Include="Header Files">
      <UniqueIdentifier>{93995380-89BD-4b04-88EB-625FBE52EBFB}</UniqueIdentifier>
      <Extensions>h;hpp;hxx;hm;inl;inc;xsd</Extensions>
    </Filter>
    <Filter Include="Resource Files">
      <UniqueIdentifier>{67DA6AB6-F800-4c08-8B7A-83BB121AAD01}</UniqueIdentifier>
      <Extensions>rc;ico;cur;bmp;dlg;rc2;rct;bin;rgs;gif;jpg;jpeg;jpe;resx;tiff;tif;png;wav;mfcribbon-ms</Extensions>
    </Filter>
    <Filter Include="App">
      <UniqueIdentifier>{5046e0d4-7f18-4aca-b719-6cf8e2219f8e}</UniqueIdentifier>
    </Filter>
    <Filter Include="debug_tools">
      <UniqueIdentifier>{d0587612-5d76-4a67-9375-902fb575ed95}</UniqueIdentifier>
    </Filter>
    <Filter Include="window_tool">
      <UniqueIdentifier>{3c9f6c0a-7ac3-4709-9a5a-f5be1a6b7c3a}</UniqueIdentifier>
    </Filter>
    <Filter Include="Windows">
      <UniqueIdentifier>{fb23662a-934e-42e0-b3ec-994607fb68ed}</UniqueIdentifier>
    </Filter>
    <Filter Include="templates">
      <UniqueIdentifier>{9f0d37f8-0e9a-43a7-b04d-85c4af08fbe5}</UniqueIdentifier>
    </Filter>
    <Filter Include="Base">
      <UniqueIdentifier>{b8458f44-bda5-4122-a221-3198b8ef5e1c}</UniqueIdentifier>
    </Filter>
    <Filter Include="Graphics">
      <UniqueIdentifier>{061e15a6-9449-467e-a724-6c53694f310b}</UniqueIdentifier>
    </Filter>
    <Filter Include="InstallationInspectionUnits">
      <UniqueIdentifier>{625dd72a-2355-4075-b713-88a4ee4f7fcd}</UniqueIdentifier>
    </Filter>
    <Filter Include="Widgets">
      <UniqueIdentifier>{b80b0de5-707e-4c9a-afa0-29bd34a2153b}</UniqueIdentifier>
    </Filter>
    <Filter Include="ArchiveEvents">
      <UniqueIdentifier>{8362e9f9-a163-4200-a9d9-503e43d842d9}</UniqueIdentifier>
    </Filter>
    <Filter Include="Automat">
      <UniqueIdentifier>{5e9670e0-5983-45de-a169-d28d38b7dc64}</UniqueIdentifier>
    </Filter>
    <Filter Include="emulLan">
      <UniqueIdentifier>{28ce348c-618b-44a0-869c-033882559b7f}</UniqueIdentifier>
    </Filter>
  </ItemGroup>
  <ItemGroup>
    <None Include="ReadMe.txt" />
  </ItemGroup>
  <ItemGroup>
    <ClInclude Include="stdafx.h">
      <Filter>Header Files</Filter>
    </ClInclude>
    <ClInclude Include="targetver.h">
      <Filter>Header Files</Filter>
    </ClInclude>
    <ClInclude Include="Resource.h">
      <Filter>Header Files</Filter>
    </ClInclude>
    <ClInclude Include="emul.h">
      <Filter>Header Files</Filter>
    </ClInclude>
    <ClInclude Include="App\App.h">
      <Filter>App</Filter>
    </ClInclude>
    <ClInclude Include="App\Config.h">
      <Filter>App</Filter>
    </ClInclude>
    <ClInclude Include="..\debug_tools\DebugMess.h">
      <Filter>debug_tools</Filter>
    </ClInclude>
    <ClInclude Include="..\window_tool\Emptywindow.h">
      <Filter>window_tool</Filter>
    </ClInclude>
    <ClInclude Include="..\window_tool\InitToolbar.hpp">
      <Filter>window_tool</Filter>
    </ClInclude>
    <ClInclude Include="..\window_tool\MenuAPI.h">
      <Filter>window_tool</Filter>
    </ClInclude>
    <ClInclude Include="..\window_tool\message.h">
      <Filter>window_tool</Filter>
    </ClInclude>
    <ClInclude Include="..\window_tool\Pass.h">
      <Filter>window_tool</Filter>
    </ClInclude>
    <ClInclude Include="..\window_tool\SaveSizeWindow.h">
      <Filter>window_tool</Filter>
    </ClInclude>
    <ClInclude Include="..\window_tool\ToolBarWidth.hpp">
      <Filter>window_tool</Filter>
    </ClInclude>
    <ClInclude Include="..\templates\typelist.hpp">
      <Filter>templates</Filter>
    </ClInclude>
    <ClInclude Include="App\AppBase.h">
      <Filter>App</Filter>
    </ClInclude>
    <ClInclude Include="..\Base\Base.hpp">
      <Filter>Base</Filter>
    </ClInclude>
    <ClInclude Include="..\Base\tables.hpp">
      <Filter>Base</Filter>
    </ClInclude>
    <ClInclude Include="..\Graphics\BarSeries.h">
      <Filter>Graphics</Filter>
    </ClInclude>
    <ClInclude Include="..\Graphics\Borders.h">
      <Filter>Graphics</Filter>
    </ClInclude>
    <ClInclude Include="..\Graphics\Chart.h">
      <Filter>Graphics</Filter>
    </ClInclude>
    <ClInclude Include="..\Graphics\Chart.hpp">
      <Filter>Graphics</Filter>
    </ClInclude>
    <ClInclude Include="..\Graphics\ColorLabel.h">
      <Filter>Graphics</Filter>
    </ClInclude>
    <ClInclude Include="..\Graphics\GridChart.h">
      <Filter>Graphics</Filter>
    </ClInclude>
    <ClInclude Include="Windows\MainWindowToolBar.h">
      <Filter>Windows</Filter>
    </ClInclude>
    <ClInclude Include="InstallationInspectionUnits\Tubes.h">
      <Filter>InstallationInspectionUnits</Filter>
    </ClInclude>
    <ClInclude Include="Windows\EmulViewer.h">
      <Filter>Windows</Filter>
    </ClInclude>
    <ClInclude Include="Windows\MainWindow.h">
      <Filter>Windows</Filter>
    </ClInclude>
    <ClInclude Include="..\Widgets\CheckBoxWidget.h">
      <Filter>Widgets</Filter>
    </ClInclude>
    <ClInclude Include="MSBase\MSBase.hpp">
      <Filter>Base</Filter>
    </ClInclude>
    <ClInclude Include="MSBase\TestMS.h">
      <Filter>Base</Filter>
    </ClInclude>
    <ClInclude Include="..\Base\TablesDefine.h">
      <Filter>Base</Filter>
    </ClInclude>
    <ClInclude Include="..\Thickness\ArchiveEvents\ArchiveEvents.h">
      <Filter>ArchiveEvents</Filter>
    </ClInclude>
    <ClInclude Include="..\Thickness\Automat\InOutBits.h">
      <Filter>Automat</Filter>
    </ClInclude>
    <ClInclude Include="emulLan\EmulLan.h">
      <Filter>emulLan</Filter>
    </ClInclude>
    <ClInclude Include="emulLan\TestLanBuffer.h">
      <Filter>emulLan</Filter>
    </ClInclude>
  </ItemGroup>
  <ItemGroup>
    <ClCompile Include="stdafx.cpp">
      <Filter>Source Files</Filter>
    </ClCompile>
    <ClCompile Include="emul.cpp">
      <Filter>Source Files</Filter>
    </ClCompile>
    <ClCompile Include="App\App.cpp">
      <Filter>App</Filter>
    </ClCompile>
    <ClCompile Include="..\debug_tools\DebugMess.cpp">
      <Filter>debug_tools</Filter>
    </ClCompile>
    <ClCompile Include="..\window_tool\EmptyWindow.cpp">
      <Filter>window_tool</Filter>
    </ClCompile>
    <ClCompile Include="..\window_tool\MenuAPI.cpp">
      <Filter>window_tool</Filter>
    </ClCompile>
    <ClCompile Include="..\window_tool\Pass.cpp">
      <Filter>window_tool</Filter>
    </ClCompile>
    <ClCompile Include="..\window_tool\SaveSizeWindow.cpp">
      <Filter>window_tool</Filter>
    </ClCompile>
    <ClCompile Include="App\AppBase.cpp">
      <Filter>App</Filter>
    </ClCompile>
    <ClCompile Include="..\Graphics\BarSeries.cpp">
      <Filter>Graphics</Filter>
    </ClCompile>
    <ClCompile Include="..\Graphics\Borders.cpp">
      <Filter>Graphics</Filter>
    </ClCompile>
    <ClCompile Include="..\Graphics\Chart.cpp">
      <Filter>Graphics</Filter>
    </ClCompile>
    <ClCompile Include="..\Graphics\ColorLabel.cpp">
      <Filter>Graphics</Filter>
    </ClCompile>
    <ClCompile Include="..\Graphics\GridChart.cpp">
      <Filter>Graphics</Filter>
    </ClCompile>
    <ClCompile Include="Windows\MainWindowToolBar.cpp">
      <Filter>Windows</Filter>
    </ClCompile>
    <ClCompile Include="InstallationInspectionUnits\Tubes.cpp">
      <Filter>InstallationInspectionUnits</Filter>
    </ClCompile>
    <ClCompile Include="Windows\EmulViewer.cpp">
      <Filter>Windows</Filter>
    </ClCompile>
    <ClCompile Include="Windows\MainWindow.cpp">
      <Filter>Windows</Filter>
    </ClCompile>
    <ClCompile Include="..\Widgets\CheckBoxWidget.cpp">
      <Filter>Widgets</Filter>
    </ClCompile>
    <ClCompile Include="MSBase\TestMS.cpp">
      <Filter>Base</Filter>
    </ClCompile>
    <ClCompile Include="..\Thickness\ArchiveEvents\ArchiveEvents.cpp">
      <Filter>ArchiveEvents</Filter>
    </ClCompile>
    <ClCompile Include="..\Thickness\Automat\InOutBits.cpp">
      <Filter>Automat</Filter>
    </ClCompile>
    <ClCompile Include="emulLan\EmulLan.cpp">
      <Filter>emulLan</Filter>
    </ClCompile>
    <ClCompile Include="emulLan\TestLanBuffer.cpp">
      <Filter>emulLan</Filter>
    </ClCompile>
  </ItemGroup>
  <ItemGroup>
    <ResourceCompile Include="emul.rc">
      <Filter>Resource Files</Filter>
    </ResourceCompile>
  </ItemGroup>
</Project>