<?xml version="1.0" encoding="utf-8"?>
<Project ToolsVersion="4.0" xmlns="http://schemas.microsoft.com/developer/msbuild/2003">
  <ItemGroup>
    <ClCompile Include="App\App.cpp">
      <Filter>App</Filter>
    </ClCompile>
    <ClCompile Include="App\AppBase.cpp">
      <Filter>App</Filter>
    </ClCompile>
    <ClCompile Include="Data\CrossData.cpp">
      <Filter>Data</Filter>
    </ClCompile>
    <ClCompile Include="..\debug_tools\DebugMess.cpp">
      <Filter>debug_tools</Filter>
    </ClCompile>
    <ClCompile Include="..\DlgTemplates\DlgItems.cpp">
      <Filter>DlgTemplates</Filter>
    </ClCompile>
    <ClCompile Include="..\DlgTemplates\EditDlg.cpp">
      <Filter>DlgTemplates</Filter>
    </ClCompile>
    <ClCompile Include="..\Graphics\BarSeries.cpp">
      <Filter>Graphics</Filter>
    </ClCompile>
    <ClCompile Include="..\Graphics\Borders.cpp">
      <Filter>Graphics</Filter>
    </ClCompile>
    <ClCompile Include="..\Graphics\Chart.cpp">
      <Filter>Graphics</Filter>
    </ClCompile>
    <ClCompile Include="..\Graphics\ColorLabel.cpp">
      <Filter>Graphics</Filter>
    </ClCompile>
    <ClCompile Include="..\Graphics\GridChart.cpp">
      <Filter>Graphics</Filter>
    </ClCompile>
    <ClCompile Include="..\Log\LogBuffer.cpp">
      <Filter>Log</Filter>
    </ClCompile>
    <ClCompile Include="..\Log\LogMessages.cpp">
      <Filter>Log</Filter>
    </ClCompile>
    <ClCompile Include="..\Widgets\CheckBoxWidget.cpp">
      <Filter>Widgets</Filter>
    </ClCompile>
    <ClCompile Include="Windows\CrossViewer.cpp">
      <Filter>Windows\MainWindow</Filter>
    </ClCompile>
    <ClCompile Include="Windows\MainWindow.cpp">
      <Filter>Windows\MainWindow</Filter>
    </ClCompile>
    <ClCompile Include="Windows\MainWindowToolBar.cpp">
      <Filter>Windows\MainWindow</Filter>
    </ClCompile>
    <ClCompile Include="..\window_tool\EmptyWindow.cpp">
      <Filter>window_tool</Filter>
    </ClCompile>
    <ClCompile Include="..\window_tool\MenuAPI.cpp">
      <Filter>window_tool</Filter>
    </ClCompile>
    <ClCompile Include="..\window_tool\Pass.cpp">
      <Filter>window_tool</Filter>
    </ClCompile>
    <ClCompile Include="..\window_tool\SaveSizeWindow.cpp">
      <Filter>window_tool</Filter>
    </ClCompile>
    <ClCompile Include="Windows\TopLabelViewer.cpp">
      <Filter>Windows\MainWindow</Filter>
    </ClCompile>
    <ClCompile Include="..\DlgTemplates\ParamDlg.cpp">
      <Filter>DlgTemplates</Filter>
    </ClCompile>
    <ClCompile Include="stdafx.cpp">
      <Filter>Source Files</Filter>
    </ClCompile>
    <ClCompile Include="Defectoscope.cpp">
      <Filter>Source Files</Filter>
    </ClCompile>
    <ClCompile Include="Windows\SelectTypeSize.cpp">
      <Filter>Windows\MainWindow</Filter>
    </ClCompile>
    <ClCompile Include="Dlg\StoredSizeMainWindow.cpp">
      <Filter>Dlg</Filter>
    </ClCompile>
    <ClCompile Include="Dlg\TestDlg.cpp">
      <Filter>Dlg</Filter>
    </ClCompile>
  </ItemGroup>
  <ItemGroup>
    <ClInclude Include="App\App.h">
      <Filter>App</Filter>
    </ClInclude>
    <ClInclude Include="App\AppBase.h">
      <Filter>App</Filter>
    </ClInclude>
    <ClInclude Include="App\Config.h">
      <Filter>App</Filter>
    </ClInclude>
    <ClInclude Include="..\Base\Base.hpp">
      <Filter>Base</Filter>
    </ClInclude>
    <ClInclude Include="Data\CrossData.h">
      <Filter>Data</Filter>
    </ClInclude>
    <ClInclude Include="..\debug_tools\DebugMess.h">
      <Filter>debug_tools</Filter>
    </ClInclude>
    <ClInclude Include="Dlg\Dlg.h">
      <Filter>Dlg</Filter>
    </ClInclude>
    <ClInclude Include="..\DlgTemplates\dlg.hpp">
      <Filter>DlgTemplates</Filter>
    </ClInclude>
    <ClInclude Include="..\DlgTemplates\dlg_templates.h">
      <Filter>DlgTemplates</Filter>
    </ClInclude>
    <ClInclude Include="..\DlgTemplates\DlgItems.h">
      <Filter>DlgTemplates</Filter>
    </ClInclude>
    <ClInclude Include="..\DlgTemplates\DlgTemplate.hpp">
      <Filter>DlgTemplates</Filter>
    </ClInclude>
    <ClInclude Include="..\DlgTemplates\EditDlg.h">
      <Filter>DlgTemplates</Filter>
    </ClInclude>
    <ClInclude Include="..\Graphics\BarSeries.h">
      <Filter>Graphics</Filter>
    </ClInclude>
    <ClInclude Include="..\Graphics\Borders.h">
      <Filter>Graphics</Filter>
    </ClInclude>
    <ClInclude Include="..\Graphics\Chart.hpp">
      <Filter>Graphics</Filter>
    </ClInclude>
    <ClInclude Include="..\Graphics\Chart.h">
      <Filter>Graphics</Filter>
    </ClInclude>
    <ClInclude Include="..\Graphics\ColorLabel.h">
      <Filter>Graphics</Filter>
    </ClInclude>
    <ClInclude Include="..\Graphics\GridChart.h">
      <Filter>Graphics</Filter>
    </ClInclude>
    <ClInclude Include="..\Log\LogBuffer.h">
      <Filter>Log</Filter>
    </ClInclude>
    <ClInclude Include="..\Log\LogMessages.h">
      <Filter>Log</Filter>
    </ClInclude>
    <ClInclude Include="..\Widgets\CheckBoxWidget.h">
      <Filter>Widgets</Filter>
    </ClInclude>
    <ClInclude Include="Windows\CrossViewer.h">
      <Filter>Windows\MainWindow</Filter>
    </ClInclude>
    <ClInclude Include="Windows\MainWindow.h">
      <Filter>Windows\MainWindow</Filter>
    </ClInclude>
    <ClInclude Include="Windows\MainWindowMenu.hpp">
      <Filter>Windows\MainWindow</Filter>
    </ClInclude>
    <ClInclude Include="Windows\MainWindowToolBar.h">
      <Filter>Windows\MainWindow</Filter>
    </ClInclude>
    <ClInclude Include="..\window_tool\Emptywindow.h">
      <Filter>window_tool</Filter>
    </ClInclude>
    <ClInclude Include="..\window_tool\InitToolbar.hpp">
      <Filter>window_tool</Filter>
    </ClInclude>
    <ClInclude Include="..\window_tool\MenuAPI.h">
      <Filter>window_tool</Filter>
    </ClInclude>
    <ClInclude Include="..\window_tool\message.h">
      <Filter>window_tool</Filter>
    </ClInclude>
    <ClInclude Include="..\window_tool\Pass.h">
      <Filter>window_tool</Filter>
    </ClInclude>
    <ClInclude Include="..\window_tool\SaveSizeWindow.h">
      <Filter>window_tool</Filter>
    </ClInclude>
    <ClInclude Include="..\window_tool\ToolBarWidth.hpp">
      <Filter>window_tool</Filter>
    </ClInclude>
    <ClInclude Include="..\templates\typelist.hpp">
      <Filter>templates</Filter>
    </ClInclude>
    <ClInclude Include="Windows\TopLabelViewer.h">
      <Filter>Windows\MainWindow</Filter>
    </ClInclude>
    <ClInclude Include="..\DlgTemplates\ParamDlg.h">
      <Filter>DlgTemplates</Filter>
    </ClInclude>
    <ClInclude Include="..\DlgTemplates\ParamDlg.hpp">
      <Filter>DlgTemplates</Filter>
    </ClInclude>
    <ClInclude Include="..\DlgTemplates\ParamDlgTresholds.h">
      <Filter>DlgTemplates</Filter>
    </ClInclude>
    <ClInclude Include="Resource.h">
      <Filter>Header Files</Filter>
    </ClInclude>
    <ClInclude Include="targetver.h">
      <Filter>Header Files</Filter>
    </ClInclude>
    <ClInclude Include="stdafx.h">
      <Filter>Header Files</Filter>
    </ClInclude>
    <ClInclude Include="..\Base\tables.hpp">
      <Filter>Base</Filter>
    </ClInclude>
    <ClInclude Include="Defectoscope.h">
      <Filter>Header Files</Filter>
    </ClInclude>
    <ClInclude Include="..\Base\TablesDefine.h">
      <Filter>App</Filter>
    </ClInclude>
    <ClInclude Include="Windows\SelectTypeSize.h">
      <Filter>Windows\MainWindow</Filter>
    </ClInclude>
  </ItemGroup>
  <ItemGroup>
    <None Include="ReadMe.txt" />
  </ItemGroup>
  <ItemGroup>
    <Filter Include="App">
      <UniqueIdentifier>{be3ddebb-23fa-445c-981b-557abf80e8ca}</UniqueIdentifier>
    </Filter>
    <Filter Include="Base">
      <UniqueIdentifier>{60526119-6fe1-48b4-b557-9b7e2a1e8ec8}</UniqueIdentifier>
    </Filter>
    <Filter Include="Data">
      <UniqueIdentifier>{0c6e02e8-16c0-47d0-b92c-817689556aea}</UniqueIdentifier>
    </Filter>
    <Filter Include="debug_tools">
      <UniqueIdentifier>{16ed1c43-d3b3-43a7-8c3f-6c20257cdbed}</UniqueIdentifier>
    </Filter>
    <Filter Include="Dlg">
      <UniqueIdentifier>{605fe138-dead-4b8f-b71d-dcfbb1292e8f}</UniqueIdentifier>
    </Filter>
    <Filter Include="DlgTemplates">
      <UniqueIdentifier>{62147d8d-7800-42c8-a77e-cab73544fda6}</UniqueIdentifier>
    </Filter>
    <Filter Include="Graphics">
      <UniqueIdentifier>{37794392-957d-452a-86ef-cb58b60a395d}</UniqueIdentifier>
    </Filter>
    <Filter Include="Log">
      <UniqueIdentifier>{de0c308d-0e9b-49b0-9a13-3f1336bb9c0d}</UniqueIdentifier>
    </Filter>
    <Filter Include="Resource Files">
      <UniqueIdentifier>{3d3594b1-f935-4530-90e5-44f8d7fb8ac7}</UniqueIdentifier>
    </Filter>
    <Filter Include="Source Files">
      <UniqueIdentifier>{608beb70-0cad-4acc-b6a1-b57e87bb6663}</UniqueIdentifier>
    </Filter>
    <Filter Include="templates">
      <UniqueIdentifier>{5aa42c52-ecce-4bd7-b669-f032946cd817}</UniqueIdentifier>
    </Filter>
    <Filter Include="Widgets">
      <UniqueIdentifier>{1caf92dd-410f-4082-9d4e-2d1560bf4a96}</UniqueIdentifier>
    </Filter>
    <Filter Include="window_tool">
      <UniqueIdentifier>{f05deee0-e7f5-480c-ad86-e977744041b5}</UniqueIdentifier>
    </Filter>
    <Filter Include="Windows">
      <UniqueIdentifier>{db02dfc9-03a9-4e51-beb7-14cc98a31e34}</UniqueIdentifier>
    </Filter>
    <Filter Include="Header Files">
      <UniqueIdentifier>{0cc3c558-f2d3-4d01-adfc-9e855e90fbdd}</UniqueIdentifier>
    </Filter>
    <Filter Include="Windows\MainWindow">
      <UniqueIdentifier>{a4b6f8c9-282b-4451-b618-d42ea8c898f2}</UniqueIdentifier>
    </Filter>
  </ItemGroup>
  <ItemGroup>
    <ResourceCompile Include="Defectoscope.rc">
      <Filter>Resource Files</Filter>
    </ResourceCompile>
  </ItemGroup>
</Project>