<?xml version="1.0" encoding="utf-8"?>
<Project ToolsVersion="4.0" xmlns="http://schemas.microsoft.com/developer/msbuild/2003">
  <ItemGroup>
    <Filter Include="Source Files">
      <UniqueIdentifier>{4FC737F1-C7A5-4376-A066-2A32D752A2FF}</UniqueIdentifier>
      <Extensions>cpp;c;cc;cxx;def;odl;idl;hpj;bat;asm;asmx</Extensions>
    </Filter>
    <Filter Include="Header Files">
      <UniqueIdentifier>{93995380-89BD-4b04-88EB-625FBE52EBFB}</UniqueIdentifier>
      <Extensions>h;hpp;hxx;hm;inl;inc;xsd</Extensions>
    </Filter>
    <Filter Include="Resource Files">
      <UniqueIdentifier>{67DA6AB6-F800-4c08-8B7A-83BB121AAD01}</UniqueIdentifier>
      <Extensions>rc;ico;cur;bmp;dlg;rc2;rct;bin;rgs;gif;jpg;jpeg;jpe;resx;tiff;tif;png;wav;mfcribbon-ms</Extensions>
    </Filter>
    <Filter Include="App">
      <UniqueIdentifier>{3ef2344a-af95-4757-8b78-4b583125fb5e}</UniqueIdentifier>
    </Filter>
    <Filter Include="Windows">
      <UniqueIdentifier>{58a78200-2344-4685-a8f5-d14d0fb2bcae}</UniqueIdentifier>
    </Filter>
    <Filter Include="Windows\MainWindow">
      <UniqueIdentifier>{0ceea036-c7f6-4da3-96c5-b274e0b23121}</UniqueIdentifier>
    </Filter>
    <Filter Include="window_tool">
      <UniqueIdentifier>{9f97fbbf-0f35-4a6e-9241-e81e10b18828}</UniqueIdentifier>
    </Filter>
    <Filter Include="templates">
      <UniqueIdentifier>{05f29432-431a-4a7e-b719-a70b265db299}</UniqueIdentifier>
    </Filter>
    <Filter Include="debug_tools">
      <UniqueIdentifier>{9801fe00-b0ab-483f-8a1d-a9c2b834f3da}</UniqueIdentifier>
    </Filter>
    <Filter Include="Base">
      <UniqueIdentifier>{0543ce24-d976-4476-89f9-9d708fcfaec8}</UniqueIdentifier>
    </Filter>
    <Filter Include="Graphics">
      <UniqueIdentifier>{fc8a5b7e-76ba-4f23-beda-d3edaf031099}</UniqueIdentifier>
    </Filter>
    <Filter Include="Data">
      <UniqueIdentifier>{00abfdbb-b9b1-42be-ae6c-b4d0cd992e11}</UniqueIdentifier>
    </Filter>
    <Filter Include="Widgets">
      <UniqueIdentifier>{4a3d4aa0-e546-4579-a169-5c0736181e72}</UniqueIdentifier>
    </Filter>
    <Filter Include="Log">
      <UniqueIdentifier>{fc767a5f-7efb-4a8d-ab33-485958ddddd7}</UniqueIdentifier>
    </Filter>
    <Filter Include="Dlg">
      <UniqueIdentifier>{8bfdf2eb-b3d0-44f6-acdb-5e8a0a9d1187}</UniqueIdentifier>
    </Filter>
    <Filter Include="DlgTemplates">
      <UniqueIdentifier>{eb10a008-3964-4c09-bdcf-b4d82566f9b4}</UniqueIdentifier>
    </Filter>
  </ItemGroup>
  <ItemGroup>
    <None Include="ReadMe.txt" />
  </ItemGroup>
  <ItemGroup>
    <ClInclude Include="stdafx.h">
      <Filter>Header Files</Filter>
    </ClInclude>
    <ClInclude Include="targetver.h">
      <Filter>Header Files</Filter>
    </ClInclude>
    <ClInclude Include="Resource.h">
      <Filter>Header Files</Filter>
    </ClInclude>
    <ClInclude Include="Thickness.h">
      <Filter>Header Files</Filter>
    </ClInclude>
    <ClInclude Include="App\App.h">
      <Filter>App</Filter>
    </ClInclude>
    <ClInclude Include="Windows\MainWindow.h">
      <Filter>Windows\MainWindow</Filter>
    </ClInclude>
    <ClInclude Include="..\window_tool\message.h">
      <Filter>window_tool</Filter>
    </ClInclude>
    <ClInclude Include="..\templates\typelist.hpp">
      <Filter>templates</Filter>
    </ClInclude>
    <ClInclude Include="..\debug_tools\DebugMess.h">
      <Filter>debug_tools</Filter>
    </ClInclude>
    <ClInclude Include="..\window_tool\MenuAPI.h">
      <Filter>window_tool</Filter>
    </ClInclude>
    <ClInclude Include="..\window_tool\Emptywindow.h">
      <Filter>window_tool</Filter>
    </ClInclude>
    <ClInclude Include="Windows\MainWindowMenu.hpp">
      <Filter>Windows\MainWindow</Filter>
    </ClInclude>
    <ClInclude Include="App\Config.h">
      <Filter>App</Filter>
    </ClInclude>
    <ClInclude Include="Windows\MainWindowToolBar.h">
      <Filter>Windows\MainWindow</Filter>
    </ClInclude>
    <ClInclude Include="..\window_tool\InitToolbar.hpp">
      <Filter>window_tool</Filter>
    </ClInclude>
    <ClInclude Include="Windows\SelectTypeSize.h">
      <Filter>Windows\MainWindow</Filter>
    </ClInclude>
    <ClInclude Include="App\AppBase.h">
      <Filter>App</Filter>
    </ClInclude>
    <ClInclude Include="..\Base\Base.hpp">
      <Filter>Base</Filter>
    </ClInclude>
    <ClInclude Include="..\Base\tables.hpp">
      <Filter>Base</Filter>
    </ClInclude>
    <ClInclude Include="..\Graphics\BarSeries.h">
      <Filter>Graphics</Filter>
    </ClInclude>
    <ClInclude Include="..\Graphics\Borders.h">
      <Filter>Graphics</Filter>
    </ClInclude>
    <ClInclude Include="..\Graphics\Chart.h">
      <Filter>Graphics</Filter>
    </ClInclude>
    <ClInclude Include="..\Graphics\Chart.hpp">
      <Filter>Graphics</Filter>
    </ClInclude>
    <ClInclude Include="..\Graphics\ColorLabel.h">
      <Filter>Graphics</Filter>
    </ClInclude>
    <ClInclude Include="..\Graphics\GridChart.h">
      <Filter>Graphics</Filter>
    </ClInclude>
    <ClInclude Include="Windows\CrossViewer.h">
      <Filter>Windows\MainWindow</Filter>
    </ClInclude>
    <ClInclude Include="Windows\TopLabelViewer.h">
      <Filter>Windows\MainWindow</Filter>
    </ClInclude>
    <ClInclude Include="Data\CrossData.h">
      <Filter>Data</Filter>
    </ClInclude>
    <ClInclude Include="..\Widgets\CheckBoxWidget.h">
      <Filter>Widgets</Filter>
    </ClInclude>
    <ClInclude Include="..\Base\TablesDefine.h">
      <Filter>App</Filter>
    </ClInclude>
    <ClInclude Include="Dlg\Dlg.h">
      <Filter>Dlg</Filter>
    </ClInclude>
    <ClInclude Include="..\DlgTemplates\dlg.hpp">
      <Filter>DlgTemplates</Filter>
    </ClInclude>
    <ClInclude Include="..\DlgTemplates\dlg_templates.h">
      <Filter>DlgTemplates</Filter>
    </ClInclude>
    <ClInclude Include="..\DlgTemplates\DlgItems.h">
      <Filter>DlgTemplates</Filter>
    </ClInclude>
    <ClInclude Include="..\DlgTemplates\DlgTemplate.hpp">
      <Filter>DlgTemplates</Filter>
    </ClInclude>
    <ClInclude Include="..\DlgTemplates\EditDlg.h">
      <Filter>DlgTemplates</Filter>
    </ClInclude>
    <ClInclude Include="..\DlgTemplates\ParamDlg.h">
      <Filter>DlgTemplates</Filter>
    </ClInclude>
    <ClInclude Include="..\DlgTemplates\ParamDlg.hpp">
      <Filter>DlgTemplates</Filter>
    </ClInclude>
    <ClInclude Include="..\DlgTemplates\ParamDlgTresholds.h">
      <Filter>DlgTemplates</Filter>
    </ClInclude>
    <ClInclude Include="..\window_tool\Pass.h">
      <Filter>window_tool</Filter>
    </ClInclude>
    <ClInclude Include="..\window_tool\ToolBarWidth.hpp">
      <Filter>window_tool</Filter>
    </ClInclude>
    <ClInclude Include="..\window_tool\SaveSizeWindow.h">
      <Filter>window_tool</Filter>
    </ClInclude>
    <ClInclude Include="..\Log\LogBuffer.h">
      <Filter>Log</Filter>
    </ClInclude>
    <ClInclude Include="..\Log\LogMessages.h">
      <Filter>Log</Filter>
    </ClInclude>
  </ItemGroup>
  <ItemGroup>
    <ClCompile Include="stdafx.cpp">
      <Filter>Source Files</Filter>
    </ClCompile>
    <ClCompile Include="Thickness.cpp">
      <Filter>Source Files</Filter>
    </ClCompile>
    <ClCompile Include="App\App.cpp">
      <Filter>App</Filter>
    </ClCompile>
    <ClCompile Include="Windows\MainWindow.cpp">
      <Filter>Windows\MainWindow</Filter>
    </ClCompile>
    <ClCompile Include="..\debug_tools\DebugMess.cpp">
      <Filter>debug_tools</Filter>
    </ClCompile>
    <ClCompile Include="..\window_tool\MenuAPI.cpp">
      <Filter>window_tool</Filter>
    </ClCompile>
    <ClCompile Include="..\window_tool\EmptyWindow.cpp">
      <Filter>window_tool</Filter>
    </ClCompile>
    <ClCompile Include="Windows\MainWindowToolBar.cpp">
      <Filter>Windows\MainWindow</Filter>
    </ClCompile>
    <ClCompile Include="Windows\SelectTypeSize.cpp">
      <Filter>Windows\MainWindow</Filter>
    </ClCompile>
    <ClCompile Include="App\AppBase.cpp">
      <Filter>App</Filter>
    </ClCompile>
    <ClCompile Include="..\Graphics\BarSeries.cpp">
      <Filter>Graphics</Filter>
    </ClCompile>
    <ClCompile Include="..\Graphics\Borders.cpp">
      <Filter>Graphics</Filter>
    </ClCompile>
    <ClCompile Include="..\Graphics\Chart.cpp">
      <Filter>Graphics</Filter>
    </ClCompile>
    <ClCompile Include="..\Graphics\ColorLabel.cpp">
      <Filter>Graphics</Filter>
    </ClCompile>
    <ClCompile Include="..\Graphics\GridChart.cpp">
      <Filter>Graphics</Filter>
    </ClCompile>
    <ClCompile Include="Windows\CrossViewer.cpp">
      <Filter>Windows\MainWindow</Filter>
    </ClCompile>
    <ClCompile Include="Windows\TopLabelViewer.cpp">
      <Filter>Windows\MainWindow</Filter>
    </ClCompile>
    <ClCompile Include="Data\CrossData.cpp">
      <Filter>Data</Filter>
    </ClCompile>
    <ClCompile Include="..\Widgets\CheckBoxWidget.cpp">
      <Filter>Widgets</Filter>
    </ClCompile>
    <ClCompile Include="Dlg\TestDlg.cpp">
      <Filter>Dlg</Filter>
    </ClCompile>
    <ClCompile Include="..\DlgTemplates\DlgItems.cpp">
      <Filter>DlgTemplates</Filter>
    </ClCompile>
    <ClCompile Include="..\DlgTemplates\EditDlg.cpp">
      <Filter>DlgTemplates</Filter>
    </ClCompile>
    <ClCompile Include="..\DlgTemplates\ParamDlg.cpp">
      <Filter>DlgTemplates</Filter>
    </ClCompile>
    <ClCompile Include="..\window_tool\Pass.cpp">
      <Filter>window_tool</Filter>
    </ClCompile>
    <ClCompile Include="..\window_tool\SaveSizeWindow.cpp">
      <Filter>window_tool</Filter>
    </ClCompile>
    <ClCompile Include="Dlg\StoredSizeMainWindow.cpp">
      <Filter>Dlg</Filter>
    </ClCompile>
    <ClCompile Include="..\Log\LogBuffer.cpp">
      <Filter>Log</Filter>
    </ClCompile>
    <ClCompile Include="..\Log\LogMessages.cpp">
      <Filter>Log</Filter>
    </ClCompile>
  </ItemGroup>
  <ItemGroup>
    <ResourceCompile Include="Thickness.rc">
      <Filter>Resource Files</Filter>
    </ResourceCompile>
  </ItemGroup>
</Project>